
Microsoft Visual Studio Solution File, Format Version 12.00
# Visual Studio Version 16
VisualStudioVersion = 16.0.31410.357
MinimumVisualStudioVersion = 10.0.40219.1
Project("{FAE04EC0-301F-11D3-BF4B-00C04F79EFBC}") = "WindowsFileTagger", "WindowsFileTagger\WindowsFileTagger.csproj", "{B963D08B-79EB-4903-9EFD-A38C4CA4F118}"
EndProject
Global
	GlobalSection(SolutionConfigurationPlatforms) = preSolution
		Debug|Any CPU = Debug|Any CPU
		Release|Any CPU = Release|Any CPU
	EndGlobalSection
	GlobalSection(ProjectConfigurationPlatforms) = postSolution
		{B963D08B-79EB-4903-9EFD-A38C4CA4F118}.Debug|Any CPU.ActiveCfg = Debug|Any CPU
		{B963D08B-79EB-4903-9EFD-A38C4CA4F118}.Debug|Any CPU.Build.0 = Debug|Any CPU
		{B963D08B-79EB-4903-9EFD-A38C4CA4F118}.Release|Any CPU.ActiveCfg = Release|Any CPU
		{B963D08B-79EB-4903-9EFD-A38C4CA4F118}.Release|Any CPU.Build.0 = Release|Any CPU
	EndGlobalSection
	GlobalSection(SolutionProperties) = preSolution
		HideSolutionNode = FALSE
	EndGlobalSection
	GlobalSection(ExtensibilityGlobals) = postSolution
		SolutionGuid = {5BF7B163-7A83-4620-BC3F-99D0EB45617B}
	EndGlobalSection
EndGlobal
